Microsoft Visual Studio Solution File, Format Version 12.00
Project("{9A19103F-16F7-4668-BE54-9A1E7A4F7556}") = "Example.Test", "apps\simple_dotnet\Example.Test\Example.Test.csproj", "{D0BDB088-129C-4C23-8FF8-99A055E3D914}"
EndProject
Project("{9A19103F-16F7-4668-BE54-9A1E7A4F7556}") = "DBot.Bot", "apps\dbot\src\DBot.Bot\DBot.Bot.csproj", "{05115E20-61A7-45CB-B5DD-CAA1DF607DFC}"
EndProject
Project("{9A19103F-16F7-4668-BE54-9A1E7A4F7556}") = "DBot.Core", "apps\dbot\src\DBot.Core\DBot.Core.csproj", "{254DDFBC-7922-4A2D-A741-6C98103302F7}"
EndProject
Project("{9A19103F-16F7-4668-BE54-9A1E7A4F7556}") = "DBot.Integrations.Assetto", "apps\dbot\src\DBot.Integrations.Assetto\DBot.Integrations.Assetto.csproj", "{2049DB3E-932F-43D6-B25F-6B30394D5133}"
EndProject
Project("{9A19103F-16F7-4668-BE54-9A1E7A4F7556}") = "Example.Console", "apps\simple_dotnet\Example.Console\Example.Console.csproj", "{46487082-BB6D-4034-A206-A45C325EB2D0}"
EndProject
Project("{9A19103F-16F7-4668-BE54-9A1E7A4F7556}") = "Example.Lib", "apps\simple_dotnet\Example.Lib\Example.Lib.csproj", "{0E3C89D3-BD98-422E-B16F-B561ACD6EB9E}"
EndProject
Project("{9A19103F-16F7-4668-BE54-9A1E7A4F7556}") = "Example.Web", "apps\simple_dotnet\Example.Web\Example.Web.csproj", "{5E354C10-A175-45DF-9EE0-B93351481144}"
EndProject
Project("{9A19103F-16F7-4668-BE54-9A1E7A4F7556}") = "nuget2bazel", "tools\dotnet\nuget2bazel\nuget2bazel.csproj", "{870AF898-0562-4506-8681-C4D32066969C}"
EndProject
Project("{2150E333-8FDC-42A3-9474-1A3956D46DE8}") = "dbot ̸ src", "apps\dbot", "{BECF654D-E7F0-4EDF-9387-E03A48B77094}"
EndProject
Project("{2150E333-8FDC-42A3-9474-1A3956D46DE8}") = "simple_dotnet", "apps\simple_dotnet", "{F6AD53C2-D93B-4D38-AA03-113D6DB8786A}"
EndProject
Project("{2150E333-8FDC-42A3-9474-1A3956D46DE8}") = "apps", "apps", "{45E00232-C243-40C9-809E-CD7E1766BEB6}"
EndProject
Project("{2150E333-8FDC-42A3-9474-1A3956D46DE8}") = "tools ̸ dotnet", "tools", "{AF85A37E-53F7-4071-BE19-5B3A41952FDB}"
EndProject
Global
	GlobalSection(SolutionConfigurationPlatforms) = preSolution
		Debug|Any CPU = Debug|Any CPU
		Release|Any CPU = Release|Any CPU
	EndGlobalSection
	GlobalSection(ProjectConfigurationPlatforms) = postSolution
		{D0BDB088-129C-4C23-8FF8-99A055E3D914}.Debug|Any CPU.ActiveCfg = Debug|Any CPU
		{D0BDB088-129C-4C23-8FF8-99A055E3D914}.Debug|Any CPU.Build.0 = Debug|Any CPU
		{D0BDB088-129C-4C23-8FF8-99A055E3D914}.Release|Any CPU.ActiveCfg = Release|Any CPU
		{D0BDB088-129C-4C23-8FF8-99A055E3D914}.Release|Any CPU.Build.0 = Release|Any CPU
		{05115E20-61A7-45CB-B5DD-CAA1DF607DFC}.Debug|Any CPU.ActiveCfg = Debug|Any CPU
		{05115E20-61A7-45CB-B5DD-CAA1DF607DFC}.Debug|Any CPU.Build.0 = Debug|Any CPU
		{05115E20-61A7-45CB-B5DD-CAA1DF607DFC}.Release|Any CPU.ActiveCfg = Release|Any CPU
		{05115E20-61A7-45CB-B5DD-CAA1DF607DFC}.Release|Any CPU.Build.0 = Release|Any CPU
		{254DDFBC-7922-4A2D-A741-6C98103302F7}.Debug|Any CPU.ActiveCfg = Debug|Any CPU
		{254DDFBC-7922-4A2D-A741-6C98103302F7}.Debug|Any CPU.Build.0 = Debug|Any CPU
		{254DDFBC-7922-4A2D-A741-6C98103302F7}.Release|Any CPU.ActiveCfg = Release|Any CPU
		{254DDFBC-7922-4A2D-A741-6C98103302F7}.Release|Any CPU.Build.0 = Release|Any CPU
		{2049DB3E-932F-43D6-B25F-6B30394D5133}.Debug|Any CPU.ActiveCfg = Debug|Any CPU
		{2049DB3E-932F-43D6-B25F-6B30394D5133}.Debug|Any CPU.Build.0 = Debug|Any CPU
		{2049DB3E-932F-43D6-B25F-6B30394D5133}.Release|Any CPU.ActiveCfg = Release|Any CPU
		{2049DB3E-932F-43D6-B25F-6B30394D5133}.Release|Any CPU.Build.0 = Release|Any CPU
		{46487082-BB6D-4034-A206-A45C325EB2D0}.Debug|Any CPU.ActiveCfg = Debug|Any CPU
		{46487082-BB6D-4034-A206-A45C325EB2D0}.Debug|Any CPU.Build.0 = Debug|Any CPU
		{46487082-BB6D-4034-A206-A45C325EB2D0}.Release|Any CPU.ActiveCfg = Release|Any CPU
		{46487082-BB6D-4034-A206-A45C325EB2D0}.Release|Any CPU.Build.0 = Release|Any CPU
		{0E3C89D3-BD98-422E-B16F-B561ACD6EB9E}.Debug|Any CPU.ActiveCfg = Debug|Any CPU
		{0E3C89D3-BD98-422E-B16F-B561ACD6EB9E}.Debug|Any CPU.Build.0 = Debug|Any CPU
		{0E3C89D3-BD98-422E-B16F-B561ACD6EB9E}.Release|Any CPU.ActiveCfg = Release|Any CPU
		{0E3C89D3-BD98-422E-B16F-B561ACD6EB9E}.Release|Any CPU.Build.0 = Release|Any CPU
		{5E354C10-A175-45DF-9EE0-B93351481144}.Debug|Any CPU.ActiveCfg = Debug|Any CPU
		{5E354C10-A175-45DF-9EE0-B93351481144}.Debug|Any CPU.Build.0 = Debug|Any CPU
		{5E354C10-A175-45DF-9EE0-B93351481144}.Release|Any CPU.ActiveCfg = Release|Any CPU
		{5E354C10-A175-45DF-9EE0-B93351481144}.Release|Any CPU.Build.0 = Release|Any CPU
		{870AF898-0562-4506-8681-C4D32066969C}.Debug|Any CPU.ActiveCfg = Debug|Any CPU
		{870AF898-0562-4506-8681-C4D32066969C}.Debug|Any CPU.Build.0 = Debug|Any CPU
		{870AF898-0562-4506-8681-C4D32066969C}.Release|Any CPU.ActiveCfg = Release|Any CPU
		{870AF898-0562-4506-8681-C4D32066969C}.Release|Any CPU.Build.0 = Release|Any CPU
	EndGlobalSection
	GlobalSection(SolutionProperties) = preSolution
		HideSolutionNode = FALSE
	EndGlobalSection
	GlobalSection(NestedProjects) = preSolution
		{05115E20-61A7-45CB-B5DD-CAA1DF607DFC} = {BECF654D-E7F0-4EDF-9387-E03A48B77094}
		{254DDFBC-7922-4A2D-A741-6C98103302F7} = {BECF654D-E7F0-4EDF-9387-E03A48B77094}
		{2049DB3E-932F-43D6-B25F-6B30394D5133} = {BECF654D-E7F0-4EDF-9387-E03A48B77094}
		{BECF654D-E7F0-4EDF-9387-E03A48B77094} = {45E00232-C243-40C9-809E-CD7E1766BEB6}
		{46487082-BB6D-4034-A206-A45C325EB2D0} = {F6AD53C2-D93B-4D38-AA03-113D6DB8786A}
		{0E3C89D3-BD98-422E-B16F-B561ACD6EB9E} = {F6AD53C2-D93B-4D38-AA03-113D6DB8786A}
		{5E354C10-A175-45DF-9EE0-B93351481144} = {F6AD53C2-D93B-4D38-AA03-113D6DB8786A}
		{F6AD53C2-D93B-4D38-AA03-113D6DB8786A} = {45E00232-C243-40C9-809E-CD7E1766BEB6}
		{870AF898-0562-4506-8681-C4D32066969C} = {AF85A37E-53F7-4071-BE19-5B3A41952FDB}
	EndGlobalSection
	GlobalSection(ExtensibilityGlobals) = postSolution
		SolutionGuid = {0CB8C92A-F59D-4C88-9D99-292306B98F82}
	EndGlobalSection
EndGlobal
