{
  "version": 1,
  "dependencies": {
    "net8.0": {
      "System.Text.Json": {
        "type": "Direct",
        "requested": "[9.0.3, )",
        "resolved": "9.0.3",
        "contentHash": "r2JRkLjsYrq5Dpo7+y3Wa73OfirZPdVhxiTJWwZ+oJM7FOAe0LkM3GlH+pgkNRdd1G1kwUbmRCdmh4uoaWwu1g==",
        "dependencies": {
          "System.IO.Pipelines": "9.0.3",
          "System.Text.Encodings.Web": "9.0.3"
        }
      },
      "Faker.Net": {
        "type": "Transitive",
        "resolved": "2.0.163",
        "contentHash": "nQZA+V19Jf6tSeFnuRWpoVZzSHRmtfOYAnX5RbkY6+HBHpLg55DYTnxUSXeFHpmsgQzmkjG7Ucomk7FisJnfhA==",
        "dependencies": {
          "NETStandard.Library": "2.0.3"
        }
      },
      "Microsoft.NET.StringTools": {
        "type": "Transitive",
        "resolved": "17.13.9",
        "contentHash": "GjB0YvVu4gamPBYr+iKokahqZIBWds5hVNSFAYUsxk1KZLI5oubs52xmG3sMDTKy1yR7MBxBhi/k9YY6/qw53A==",
        "dependencies": {
          "System.Memory": "4.5.5",
          "System.Runtime.CompilerServices.Unsafe": "6.0.0"
        }
      },
      "Microsoft.NETCore.Platforms": {
        "type": "Transitive",
        "resolved": "1.1.0",
        "contentHash": "kz0PEW2lhqygehI/d6XsPCQzD7ff7gUJaVGPVETX611eadGsA3A877GdSlU0LRVMCTH/+P3o2iDTak+S08V2+A=="
      },
      "NETStandard.Library": {
        "type": "Transitive",
        "resolved": "2.0.3",
        "contentHash": "st47PosZSHrjECdjeIzZQbzivYBJFv6P2nv4cj2ypdI204DO+vZ7l5raGMiX4eXMJ53RfOIg+/s4DHVZ54Nu2A==",
        "dependencies": {
          "Microsoft.NETCore.Platforms": "1.1.0"
        }
      },
      "System.IO.Pipelines": {
        "type": "Transitive",
        "resolved": "9.0.3",
        "contentHash": "aP1Qh9llcEmo0qN+VKvVDHFMe5Cqpfb1VjhBO7rjmxCXtLs3IfVSOiNqqLBZ/4Qbcr4J0SDdJq9S7EKAGpnwEA=="
      },
      "System.Memory": {
        "type": "Transitive",
        "resolved": "4.5.5",
        "contentHash": "XIWiDvKPXaTveaB7HVganDlOCRoj03l+jrwNvcge/t8vhGYKvqV+dMv6G4SAX2NoNmN0wZfVPTAlFwZcZvVOUw=="
      },
      "System.Runtime.CompilerServices.Unsafe": {
        "type": "Transitive",
        "resolved": "6.0.0",
        "contentHash": "/iUeP3tq1S0XdNNoMz5C9twLSrM/TH+qElHkXWaPvuNOt+99G75NrV0OS2EqHx5wMN7popYjpc8oTjC1y16DLg=="
      },
      "System.Text.Encodings.Web": {
        "type": "Transitive",
        "resolved": "9.0.3",
        "contentHash": "5L+iI4fBMtGwt4FHLQh40/rgdbxnw6lHaLkR3gbaHG97TohzUv+z/oP03drsTR1lKCLhOkp40cFnHYOQLtpT5A=="
      },
      "bruh.lib": {
        "type": "Project",
        "dependencies": {
          "Faker.Net": "[2.0.163, )",
          "Microsoft.NET.StringTools": "[17.13.0, )"
        }
      }
    }
  }
}