{
  "version": 1,
  "dependencies": {
    "net8.0": {
      "Faker.Net": {
        "type": "Direct",
        "requested": "[2.0.163, )",
        "resolved": "2.0.163",
        "contentHash": "nQZA+V19Jf6tSeFnuRWpoVZzSHRmtfOYAnX5RbkY6+HBHpLg55DYTnxUSXeFHpmsgQzmkjG7Ucomk7FisJnfhA==",
        "dependencies": {
          "NETStandard.Library": "2.0.3"
        }
      },
      "Microsoft.NET.StringTools": {
        "type": "Direct",
        "requested": "[17.13.0, )",
        "resolved": "17.13.9",
        "contentHash": "GjB0YvVu4gamPBYr+iKokahqZIBWds5hVNSFAYUsxk1KZLI5oubs52xmG3sMDTKy1yR7MBxBhi/k9YY6/qw53A==",
        "dependencies": {
          "System.Memory": "4.5.5",
          "System.Runtime.CompilerServices.Unsafe": "6.0.0"
        }
      },
      "Microsoft.NETCore.Platforms": {
        "type": "Transitive",
        "resolved": "1.1.0",
        "contentHash": "kz0PEW2lhqygehI/d6XsPCQzD7ff7gUJaVGPVETX611eadGsA3A877GdSlU0LRVMCTH/+P3o2iDTak+S08V2+A=="
      },
      "NETStandard.Library": {
        "type": "Transitive",
        "resolved": "2.0.3",
        "contentHash": "st47PosZSHrjECdjeIzZQbzivYBJFv6P2nv4cj2ypdI204DO+vZ7l5raGMiX4eXMJ53RfOIg+/s4DHVZ54Nu2A==",
        "dependencies": {
          "Microsoft.NETCore.Platforms": "1.1.0"
        }
      },
      "System.Memory": {
        "type": "Transitive",
        "resolved": "4.5.5",
        "contentHash": "XIWiDvKPXaTveaB7HVganDlOCRoj03l+jrwNvcge/t8vhGYKvqV+dMv6G4SAX2NoNmN0wZfVPTAlFwZcZvVOUw=="
      },
      "System.Runtime.CompilerServices.Unsafe": {
        "type": "Transitive",
        "resolved": "6.0.0",
        "contentHash": "/iUeP3tq1S0XdNNoMz5C9twLSrM/TH+qElHkXWaPvuNOt+99G75NrV0OS2EqHx5wMN7popYjpc8oTjC1y16DLg=="
      }
    }
  }
}